
Microsoft Visual Studio Solution File, Format Version 12.00
# Visual Studio Version 17
VisualStudioVersion = 17.3.32922.545
MinimumVisualStudioVersion = 10.0.40219.1
Project("{FAE04EC0-301F-11D3-BF4B-00C04F79EFBC}") = "Vista", "Vista\Vista.csproj", "{515D8A49-3198-459D-B9ED-DA100447039B}"
EndProject
Project("{FAE04EC0-301F-11D3-BF4B-00C04F79EFBC}") = "Datos", "Datos\Datos.csproj", "{5E875992-A814-4AD4-9B5A-490BCE074CD8}"
EndProject
Project("{FAE04EC0-301F-11D3-BF4B-00C04F79EFBC}") = "Entidades", "Entidades\Entidades.csproj", "{7743356B-341B-49C3-91CA-E223DE9AF5DC}"
EndProject
Global
	GlobalSection(SolutionConfigurationPlatforms) = preSolution
		Debug|Any CPU = Debug|Any CPU
		Release|Any CPU = Release|Any CPU
	EndGlobalSection
	GlobalSection(ProjectConfigurationPlatforms) = postSolution
		{515D8A49-3198-459D-B9ED-DA100447039B}.Debug|Any CPU.ActiveCfg = Debug|Any CPU
		{515D8A49-3198-459D-B9ED-DA100447039B}.Debug|Any CPU.Build.0 = Debug|Any CPU
		{515D8A49-3198-459D-B9ED-DA100447039B}.Release|Any CPU.ActiveCfg = Release|Any CPU
		{515D8A49-3198-459D-B9ED-DA100447039B}.Release|Any CPU.Build.0 = Release|Any CPU
		{5E875992-A814-4AD4-9B5A-490BCE074CD8}.Debug|Any CPU.ActiveCfg = Debug|Any CPU
		{5E875992-A814-4AD4-9B5A-490BCE074CD8}.Debug|Any CPU.Build.0 = Debug|Any CPU
		{5E875992-A814-4AD4-9B5A-490BCE074CD8}.Release|Any CPU.ActiveCfg = Release|Any CPU
		{5E875992-A814-4AD4-9B5A-490BCE074CD8}.Release|Any CPU.Build.0 = Release|Any CPU
		{7743356B-341B-49C3-91CA-E223DE9AF5DC}.Debug|Any CPU.ActiveCfg = Debug|Any CPU
		{7743356B-341B-49C3-91CA-E223DE9AF5DC}.Debug|Any CPU.Build.0 = Debug|Any CPU
		{7743356B-341B-49C3-91CA-E223DE9AF5DC}.Release|Any CPU.ActiveCfg = Release|Any CPU
		{7743356B-341B-49C3-91CA-E223DE9AF5DC}.Release|Any CPU.Build.0 = Release|Any CPU
	EndGlobalSection
	GlobalSection(SolutionProperties) = preSolution
		HideSolutionNode = FALSE
	EndGlobalSection
	GlobalSection(ExtensibilityGlobals) = postSolution
		SolutionGuid = {6AD588B9-D24C-493D-B2DE-5EBA4CACC5C4}
	EndGlobalSection
EndGlobal
